
Microsoft Visual Studio Solution File, Format Version 12.00
# Visual Studio Version 16
VisualStudioVersion = 16.0.30804.86
MinimumVisualStudioVersion = 10.0.40219.1
Project("{FAE04EC0-301F-11D3-BF4B-00C04F79EFBC}") = "Shop.Core", "Shop.Core\Shop.Core.csproj", "{ECDDA473-8110-4E5E-A315-17603F32C16F}"
EndProject
Project("{FAE04EC0-301F-11D3-BF4B-00C04F79EFBC}") = "Shop.DataAccess.InMemory", "Shop.DataAccess.InMemory\Shop.DataAccess.InMemory.csproj", "{506A2060-C09F-4A4E-9C82-3A215933BAC4}"
EndProject
Project("{FAE04EC0-301F-11D3-BF4B-00C04F79EFBC}") = "Shop.DataAccess.SQL", "Shop.DataAccess.SQL\Shop.DataAccess.SQL.csproj", "{5A2CAE41-A44A-4BEF-8D98-B7018336212B}"
EndProject
Project("{FAE04EC0-301F-11D3-BF4B-00C04F79EFBC}") = "Shop.WebUI", "Shop.WebUI\Shop.WebUI.csproj", "{3FB7E6F1-F232-46B6-8291-11BFA94C3207}"
EndProject
Project("{FAE04EC0-301F-11D3-BF4B-00C04F79EFBC}") = "Shop.WebUI.Tests", "Shop.WebUI.Tests\Shop.WebUI.Tests.csproj", "{E937897C-7BE9-460E-A913-BDF60B790219}"
EndProject
Global
	GlobalSection(SolutionConfigurationPlatforms) = preSolution
		Debug|Any CPU = Debug|Any CPU
		Release|Any CPU = Release|Any CPU
	EndGlobalSection
	GlobalSection(ProjectConfigurationPlatforms) = postSolution
		{ECDDA473-8110-4E5E-A315-17603F32C16F}.Debug|Any CPU.ActiveCfg = Debug|Any CPU
		{ECDDA473-8110-4E5E-A315-17603F32C16F}.Debug|Any CPU.Build.0 = Debug|Any CPU
		{ECDDA473-8110-4E5E-A315-17603F32C16F}.Release|Any CPU.ActiveCfg = Release|Any CPU
		{ECDDA473-8110-4E5E-A315-17603F32C16F}.Release|Any CPU.Build.0 = Release|Any CPU
		{506A2060-C09F-4A4E-9C82-3A215933BAC4}.Debug|Any CPU.ActiveCfg = Debug|Any CPU
		{506A2060-C09F-4A4E-9C82-3A215933BAC4}.Debug|Any CPU.Build.0 = Debug|Any CPU
		{506A2060-C09F-4A4E-9C82-3A215933BAC4}.Release|Any CPU.ActiveCfg = Release|Any CPU
		{506A2060-C09F-4A4E-9C82-3A215933BAC4}.Release|Any CPU.Build.0 = Release|Any CPU
		{5A2CAE41-A44A-4BEF-8D98-B7018336212B}.Debug|Any CPU.ActiveCfg = Debug|Any CPU
		{5A2CAE41-A44A-4BEF-8D98-B7018336212B}.Debug|Any CPU.Build.0 = Debug|Any CPU
		{5A2CAE41-A44A-4BEF-8D98-B7018336212B}.Release|Any CPU.ActiveCfg = Release|Any CPU
		{5A2CAE41-A44A-4BEF-8D98-B7018336212B}.Release|Any CPU.Build.0 = Release|Any CPU
		{3FB7E6F1-F232-46B6-8291-11BFA94C3207}.Debug|Any CPU.ActiveCfg = Debug|Any CPU
		{3FB7E6F1-F232-46B6-8291-11BFA94C3207}.Debug|Any CPU.Build.0 = Debug|Any CPU
		{3FB7E6F1-F232-46B6-8291-11BFA94C3207}.Release|Any CPU.ActiveCfg = Release|Any CPU
		{3FB7E6F1-F232-46B6-8291-11BFA94C3207}.Release|Any CPU.Build.0 = Release|Any CPU
		{E937897C-7BE9-460E-A913-BDF60B790219}.Debug|Any CPU.ActiveCfg = Debug|Any CPU
		{E937897C-7BE9-460E-A913-BDF60B790219}.Debug|Any CPU.Build.0 = Debug|Any CPU
		{E937897C-7BE9-460E-A913-BDF60B790219}.Release|Any CPU.ActiveCfg = Release|Any CPU
		{E937897C-7BE9-460E-A913-BDF60B790219}.Release|Any CPU.Build.0 = Release|Any CPU
	EndGlobalSection
	GlobalSection(SolutionProperties) = preSolution
		HideSolutionNode = FALSE
	EndGlobalSection
	GlobalSection(ExtensibilityGlobals) = postSolution
		SolutionGuid = {34D77A5D-10A3-46CE-A2C0-5A8147126951}
	EndGlobalSection
EndGlobal
